
Microsoft Visual Studio Solution File, Format Version 12.00
# Visual Studio 15
VisualStudioVersion = 15.0.26124.0
MinimumVisualStudioVersion = 15.0.26124.0
Project("{FAE04EC0-301F-11D3-BF4B-00C04F79EFBC}") = "SimpleECS", "src\SimpleECS.csproj", "{C87D61F2-732B-40D6-B7F1-0362E7BF13E3}"
EndProject
Project("{FAE04EC0-301F-11D3-BF4B-00C04F79EFBC}") = "SimpleECS.Test", "test\SimpleECS.Test.csproj", "{34B97ED1-9208-4E98-ACE6-5868D45BDFEC}"
EndProject
Global
	GlobalSection(SolutionConfigurationPlatforms) = preSolution
		Debug|Any CPU = Debug|Any CPU
		Debug|x64 = Debug|x64
		Debug|x86 = Debug|x86
		Release|Any CPU = Release|Any CPU
		Release|x64 = Release|x64
		Release|x86 = Release|x86
	EndGlobalSection
	GlobalSection(SolutionProperties) = preSolution
		HideSolutionNode = FALSE
	EndGlobalSection
	GlobalSection(ProjectConfigurationPlatforms) = postSolution
		{C87D61F2-732B-40D6-B7F1-0362E7BF13E3}.Debug|Any CPU.ActiveCfg = Debug|Any CPU
		{C87D61F2-732B-40D6-B7F1-0362E7BF13E3}.Debug|Any CPU.Build.0 = Debug|Any CPU
		{C87D61F2-732B-40D6-B7F1-0362E7BF13E3}.Debug|x64.ActiveCfg = Debug|Any CPU
		{C87D61F2-732B-40D6-B7F1-0362E7BF13E3}.Debug|x64.Build.0 = Debug|Any CPU
		{C87D61F2-732B-40D6-B7F1-0362E7BF13E3}.Debug|x86.ActiveCfg = Debug|Any CPU
		{C87D61F2-732B-40D6-B7F1-0362E7BF13E3}.Debug|x86.Build.0 = Debug|Any CPU
		{C87D61F2-732B-40D6-B7F1-0362E7BF13E3}.Release|Any CPU.ActiveCfg = Release|Any CPU
		{C87D61F2-732B-40D6-B7F1-0362E7BF13E3}.Release|Any CPU.Build.0 = Release|Any CPU
		{C87D61F2-732B-40D6-B7F1-0362E7BF13E3}.Release|x64.ActiveCfg = Release|Any CPU
		{C87D61F2-732B-40D6-B7F1-0362E7BF13E3}.Release|x64.Build.0 = Release|Any CPU
		{C87D61F2-732B-40D6-B7F1-0362E7BF13E3}.Release|x86.ActiveCfg = Release|Any CPU
		{C87D61F2-732B-40D6-B7F1-0362E7BF13E3}.Release|x86.Build.0 = Release|Any CPU
		{34B97ED1-9208-4E98-ACE6-5868D45BDFEC}.Debug|Any CPU.ActiveCfg = Debug|Any CPU
		{34B97ED1-9208-4E98-ACE6-5868D45BDFEC}.Debug|Any CPU.Build.0 = Debug|Any CPU
		{34B97ED1-9208-4E98-ACE6-5868D45BDFEC}.Debug|x64.ActiveCfg = Debug|Any CPU
		{34B97ED1-9208-4E98-ACE6-5868D45BDFEC}.Debug|x64.Build.0 = Debug|Any CPU
		{34B97ED1-9208-4E98-ACE6-5868D45BDFEC}.Debug|x86.ActiveCfg = Debug|Any CPU
		{34B97ED1-9208-4E98-ACE6-5868D45BDFEC}.Debug|x86.Build.0 = Debug|Any CPU
		{34B97ED1-9208-4E98-ACE6-5868D45BDFEC}.Release|Any CPU.ActiveCfg = Release|Any CPU
		{34B97ED1-9208-4E98-ACE6-5868D45BDFEC}.Release|Any CPU.Build.0 = Release|Any CPU
		{34B97ED1-9208-4E98-ACE6-5868D45BDFEC}.Release|x64.ActiveCfg = Release|Any CPU
		{34B97ED1-9208-4E98-ACE6-5868D45BDFEC}.Release|x64.Build.0 = Release|Any CPU
		{34B97ED1-9208-4E98-ACE6-5868D45BDFEC}.Release|x86.ActiveCfg = Release|Any CPU
		{34B97ED1-9208-4E98-ACE6-5868D45BDFEC}.Release|x86.Build.0 = Release|Any CPU
	EndGlobalSection
EndGlobal
